
Microsoft Visual Studio Solution File, Format Version 12.00
# Visual Studio Version 17
VisualStudioVersion = 17.9.34622.214
MinimumVisualStudioVersion = 10.0.40219.1
Project("{9A19103F-16F7-4668-BE54-9A1E7A4F7556}") = "FactWebsiteApp", "FactWebsiteApp\FactWebsiteApp.csproj", "{07BB446A-9672-4CD6-B8DA-7B1B1017E7C1}"
EndProject
Project("{FAE04EC0-301F-11D3-BF4B-00C04F79EFBC}") = "FACT_API", "FACT_API\FACT_API.csproj", "{7C5E12A5-E644-480C-83A4-F7A1337E729D}"
EndProject
Global
	GlobalSection(SolutionConfigurationPlatforms) = preSolution
		Debug|Any CPU = Debug|Any CPU
		Release|Any CPU = Release|Any CPU
	EndGlobalSection
	GlobalSection(ProjectConfigurationPlatforms) = postSolution
		{07BB446A-9672-4CD6-B8DA-7B1B1017E7C1}.Debug|Any CPU.ActiveCfg = Debug|Any CPU
		{07BB446A-9672-4CD6-B8DA-7B1B1017E7C1}.Debug|Any CPU.Build.0 = Debug|Any CPU
		{07BB446A-9672-4CD6-B8DA-7B1B1017E7C1}.Release|Any CPU.ActiveCfg = Release|Any CPU
		{07BB446A-9672-4CD6-B8DA-7B1B1017E7C1}.Release|Any CPU.Build.0 = Release|Any CPU
		{7C5E12A5-E644-480C-83A4-F7A1337E729D}.Debug|Any CPU.ActiveCfg = Debug|Any CPU
		{7C5E12A5-E644-480C-83A4-F7A1337E729D}.Debug|Any CPU.Build.0 = Debug|Any CPU
		{7C5E12A5-E644-480C-83A4-F7A1337E729D}.Release|Any CPU.ActiveCfg = Release|Any CPU
		{7C5E12A5-E644-480C-83A4-F7A1337E729D}.Release|Any CPU.Build.0 = Release|Any CPU
	EndGlobalSection
	GlobalSection(SolutionProperties) = preSolution
		HideSolutionNode = FALSE
	EndGlobalSection
	GlobalSection(ExtensibilityGlobals) = postSolution
		SolutionGuid = {D53E9F36-FFE0-4F4C-A025-76790CC91293}
	EndGlobalSection
EndGlobal
